
Terraform used the selected providers to generate the following execution
plan. Resource actions are indicated with the following symbols:
  + create

Terraform will perform the following actions:

  # azurerm_linux_virtual_machine.my_terraform_vm will be created
  + resource "azurerm_linux_virtual_machine" "my_terraform_vm" {
      + admin_username                  = "secureadmin"
      + allow_extension_operations      = true
      + computer_name                   = "terraform-azure-Standard"
      + disable_password_authentication = true
      + extensions_time_budget          = "PT1H30M"
      + id                              = (known after apply)
      + location                        = "eastus"
      + max_bid_price                   = -1
      + name                            = "terraform-azure-Standard"
      + network_interface_ids           = (known after apply)
      + platform_fault_domain           = -1
      + priority                        = "Regular"
      + private_ip_address              = (known after apply)
      + private_ip_addresses            = (known after apply)
      + provision_vm_agent              = true
      + public_ip_address               = (known after apply)
      + public_ip_addresses             = (known after apply)
      + resource_group_name             = "terraform-azure-RG1"
      + size                            = "Standard_DS1_v2"
      + virtual_machine_id              = (known after apply)
      + zone                            = (known after apply)

      + admin_ssh_key {
          + public_key = (known after apply)
          + username   = "secureadmin"
        }

      + os_disk {
          + caching                   = "ReadWrite"
          + disk_size_gb              = (known after apply)
          + name                      = "terraform-azure-vm-standard-OsDisk"
          + storage_account_type      = "Premium_LRS"
          + write_accelerator_enabled = false
        }

      + source_image_reference {
          + offer     = "UbuntuServer"
          + publisher = "Canonical"
          + sku       = "18.04-LTS"
          + version   = "latest"
        }
    }

  # azurerm_network_interface.my_terraform_nic will be created
  + resource "azurerm_network_interface" "my_terraform_nic" {
      + applied_dns_servers           = (known after apply)
      + dns_servers                   = (known after apply)
      + enable_accelerated_networking = false
      + enable_ip_forwarding          = false
      + id                            = (known after apply)
      + internal_dns_name_label       = (known after apply)
      + internal_domain_name_suffix   = (known after apply)
      + location                      = "eastus"
      + mac_address                   = (known after apply)
      + name                          = "terraform-azure-NIC"
      + private_ip_address            = (known after apply)
      + private_ip_addresses          = (known after apply)
      + resource_group_name           = "terraform-azure-RG1"
      + virtual_machine_id            = (known after apply)

      + ip_configuration {
          + gateway_load_balancer_frontend_ip_configuration_id = (known after apply)
          + name                                               = "terraform-azure-NIC-configuration"
          + primary                                            = (known after apply)
          + private_ip_address                                 = (known after apply)
          + private_ip_address_allocation                      = "dynamic"
          + private_ip_address_version                         = "IPv4"
          + public_ip_address_id                               = (known after apply)
          + subnet_id                                          = (known after apply)
        }
    }

  # azurerm_network_interface_security_group_association.my-nsg-assoc will be created
  + resource "azurerm_network_interface_security_group_association" "my-nsg-assoc" {
      + id                        = (known after apply)
      + network_interface_id      = (known after apply)
      + network_security_group_id = (known after apply)
    }

  # azurerm_network_security_group.my_terraform_nsg will be created
  + resource "azurerm_network_security_group" "my_terraform_nsg" {
      + id                  = (known after apply)
      + location            = "eastus"
      + name                = "terraform-azure-vnetSecurityGroup"
      + resource_group_name = "terraform-azure-RG1"
      + security_rule       = [
          + {
              + access                                     = "Allow"
              + description                                = ""
              + destination_address_prefix                 = "*"
              + destination_address_prefixes               = []
              + destination_application_security_group_ids = []
              + destination_port_range                     = "22"
              + destination_port_ranges                    = []
              + direction                                  = "Inbound"
              + name                                       = "SSH"
              + priority                                   = 200
              + protocol                                   = "Tcp"
              + source_address_prefix                      = "*"
              + source_address_prefixes                    = []
              + source_application_security_group_ids      = []
              + source_port_range                          = "*"
              + source_port_ranges                         = []
            },
        ]
    }

  # azurerm_public_ip.my_terraform_public_ip will be created
  + resource "azurerm_public_ip" "my_terraform_public_ip" {
      + allocation_method       = "Dynamic"
      + availability_zone       = (known after apply)
      + fqdn                    = (known after apply)
      + id                      = (known after apply)
      + idle_timeout_in_minutes = 4
      + ip_address              = (known after apply)
      + ip_version              = "IPv4"
      + location                = "eastus"
      + name                    = "terraform-azure-PublicIP"
      + resource_group_name     = "terraform-azure-RG1"
      + sku                     = "Basic"
      + sku_tier                = "Regional"
      + zones                   = (known after apply)
    }

  # azurerm_resource_group.rg will be created
  + resource "azurerm_resource_group" "rg" {
      + id       = (known after apply)
      + location = "eastus"
      + name     = "terraform-azure-RG1"
    }

  # azurerm_subnet.my_terraform_subnet will be created
  + resource "azurerm_subnet" "my_terraform_subnet" {
      + address_prefix                                 = (known after apply)
      + address_prefixes                               = [
          + "10.0.1.0/24",
        ]
      + enforce_private_link_endpoint_network_policies = false
      + enforce_private_link_service_network_policies  = false
      + id                                             = (known after apply)
      + name                                           = "terraform-azure-subnet"
      + resource_group_name                            = "terraform-azure-RG1"
      + virtual_network_name                           = "terraform-azure-vnet"
    }

  # azurerm_virtual_network.my_terraform_network will be created
  + resource "azurerm_virtual_network" "my_terraform_network" {
      + address_space         = [
          + "10.0.0.0/16",
        ]
      + dns_servers           = (known after apply)
      + guid                  = (known after apply)
      + id                    = (known after apply)
      + location              = "eastus"
      + name                  = "terraform-azure-vnet"
      + resource_group_name   = "terraform-azure-RG1"
      + subnet                = (known after apply)
      + vm_protection_enabled = false
    }

  # tls_private_key.secureadmin_ssh will be created
  + resource "tls_private_key" "secureadmin_ssh" {
      + algorithm                     = "RSA"
      + ecdsa_curve                   = "P224"
      + id                            = (known after apply)
      + private_key_openssh           = (sensitive value)
      + private_key_pem               = (sensitive value)
      + private_key_pem_pkcs8         = (sensitive value)
      + public_key_fingerprint_md5    = (known after apply)
      + public_key_fingerprint_sha256 = (known after apply)
      + public_key_openssh            = (known after apply)
      + public_key_pem                = (known after apply)
      + rsa_bits                      = 4096
    }

Plan: 9 to add, 0 to change, 0 to destroy.

Changes to Outputs:
  + public_ip_address   = (known after apply)
  + resource_group_name = "terraform-azure-RG1"
  + tls_private_key     = (sensitive value)
